
Microsoft Visual Studio Solution File, Format Version 12.00
Project("{2150E333-8FDC-42A3-9474-1A3956D46DE8}") = "Application", "Application", "{F52C4ABE-BD4B-4813-A736-AE3524F9CED7}"
EndProject
Project("{2150E333-8FDC-42A3-9474-1A3956D46DE8}") = "Core", "Core", "{A28B396D-2877-4C97-94C4-BEF0E721FDF4}"
EndProject
Project("{2150E333-8FDC-42A3-9474-1A3956D46DE8}") = "Infrastructure", "Infrastructure", "{37CEFEE9-0905-4C9B-897B-D7A67851FDE9}"
EndProject
Project("{FAE04EC0-301F-11D3-BF4B-00C04F79EFBC}") = "Application", "Application\Application.csproj", "{24AF36F3-1F77-45E0-AACE-BADBAC14A0C3}"
EndProject
Project("{FAE04EC0-301F-11D3-BF4B-00C04F79EFBC}") = "Core", "Core\Core.csproj", "{0C59EB31-25B0-4B76-B239-5B97C4AD0AA4}"
EndProject
Project("{FAE04EC0-301F-11D3-BF4B-00C04F79EFBC}") = "Infrastructure", "Infrastructure\Infrastructure.csproj", "{08CEC262-680B-465C-9B2B-A87D7A1DA362}"
EndProject
Project("{2150E333-8FDC-42A3-9474-1A3956D46DE8}") = "API", "API", "{037130A4-BC24-4085-8A90-EC7085DAC70C}"
EndProject
Project("{FAE04EC0-301F-11D3-BF4B-00C04F79EFBC}") = "API", "API\API.csproj", "{DE26F314-2E6C-4E93-A61C-7086E145E7FF}"
EndProject
Global
	GlobalSection(SolutionConfigurationPlatforms) = preSolution
		Debug|Any CPU = Debug|Any CPU
		Release|Any CPU = Release|Any CPU
	EndGlobalSection
	GlobalSection(NestedProjects) = preSolution
		{24AF36F3-1F77-45E0-AACE-BADBAC14A0C3} = {F52C4ABE-BD4B-4813-A736-AE3524F9CED7}
		{0C59EB31-25B0-4B76-B239-5B97C4AD0AA4} = {A28B396D-2877-4C97-94C4-BEF0E721FDF4}
		{08CEC262-680B-465C-9B2B-A87D7A1DA362} = {37CEFEE9-0905-4C9B-897B-D7A67851FDE9}
		{DE26F314-2E6C-4E93-A61C-7086E145E7FF} = {037130A4-BC24-4085-8A90-EC7085DAC70C}
	EndGlobalSection
	GlobalSection(ProjectConfigurationPlatforms) = postSolution
		{24AF36F3-1F77-45E0-AACE-BADBAC14A0C3}.Debug|Any CPU.ActiveCfg = Debug|Any CPU
		{24AF36F3-1F77-45E0-AACE-BADBAC14A0C3}.Debug|Any CPU.Build.0 = Debug|Any CPU
		{24AF36F3-1F77-45E0-AACE-BADBAC14A0C3}.Release|Any CPU.ActiveCfg = Release|Any CPU
		{24AF36F3-1F77-45E0-AACE-BADBAC14A0C3}.Release|Any CPU.Build.0 = Release|Any CPU
		{0C59EB31-25B0-4B76-B239-5B97C4AD0AA4}.Debug|Any CPU.ActiveCfg = Debug|Any CPU
		{0C59EB31-25B0-4B76-B239-5B97C4AD0AA4}.Debug|Any CPU.Build.0 = Debug|Any CPU
		{0C59EB31-25B0-4B76-B239-5B97C4AD0AA4}.Release|Any CPU.ActiveCfg = Release|Any CPU
		{0C59EB31-25B0-4B76-B239-5B97C4AD0AA4}.Release|Any CPU.Build.0 = Release|Any CPU
		{08CEC262-680B-465C-9B2B-A87D7A1DA362}.Debug|Any CPU.ActiveCfg = Debug|Any CPU
		{08CEC262-680B-465C-9B2B-A87D7A1DA362}.Debug|Any CPU.Build.0 = Debug|Any CPU
		{08CEC262-680B-465C-9B2B-A87D7A1DA362}.Release|Any CPU.ActiveCfg = Release|Any CPU
		{08CEC262-680B-465C-9B2B-A87D7A1DA362}.Release|Any CPU.Build.0 = Release|Any CPU
		{DE26F314-2E6C-4E93-A61C-7086E145E7FF}.Debug|Any CPU.ActiveCfg = Debug|Any CPU
		{DE26F314-2E6C-4E93-A61C-7086E145E7FF}.Debug|Any CPU.Build.0 = Debug|Any CPU
		{DE26F314-2E6C-4E93-A61C-7086E145E7FF}.Release|Any CPU.ActiveCfg = Release|Any CPU
		{DE26F314-2E6C-4E93-A61C-7086E145E7FF}.Release|Any CPU.Build.0 = Release|Any CPU
	EndGlobalSection
EndGlobal
